# Generated by conda-lock.
# platform: osx-arm64
# input_hash: 0194ea9b2c3cf0cce4dec9572d7370bc9cf3526949b1fd5b36153bfc61cebea8
@EXPLICIT
https://conda.anaconda.org/conda-forge/osx-arm64/bzip2-1.0.8-h3422bc3_4.tar.bz2#fc76ace7b94fb1f694988ab1b14dd248
https://conda.anaconda.org/conda-forge/osx-arm64/c-ares-1.19.1-hb547adb_0.conda#e7fc7430440d255e3a9c7e5a52f7b294
https://conda.anaconda.org/conda-forge/osx-arm64/ca-certificates-2023.7.22-hf0a4a13_0.conda#e1b99ac4dbcee71a71682996f67f7965
https://conda.anaconda.org/conda-forge/osx-arm64/icu-73.2-hc8870d7_0.conda#8521bd47c0e11c5902535bb1a17c565f
https://conda.anaconda.org/conda-forge/osx-arm64/libcxx-16.0.6-h4653b0c_0.conda#9d7d724faf0413bf1dbc5a85935700c8
https://conda.anaconda.org/conda-forge/osx-arm64/libev-4.33-h642e427_1.tar.bz2#566dbf70fe79eacdb3c3d3d195a27f55
https://conda.anaconda.org/conda-forge/osx-arm64/libexpat-2.5.0-hb7217d7_1.conda#5a097ad3d17e42c148c9566280481317
https://conda.anaconda.org/conda-forge/osx-arm64/libffi-3.4.2-h3422bc3_5.tar.bz2#086914b672be056eb70fd4285b6783b6
https://conda.anaconda.org/conda-forge/osx-arm64/libiconv-1.17-he4db4b2_0.tar.bz2#686f9c755574aa221f29fbcf36a67265
https://conda.anaconda.org/conda-forge/osx-arm64/libzlib-1.2.13-h53f4e23_5.conda#1a47f5236db2e06a320ffa0392f81bd8
https://conda.anaconda.org/conda-forge/osx-arm64/llvm-openmp-16.0.6-h1c12783_0.conda#52e5730888439f7f55fd4f83905581b4
https://conda.anaconda.org/conda-forge/osx-arm64/lzo-2.10-h642e427_1000.tar.bz2#ddab5f96f5573a9bd5e24f9994fd6ec9
https://conda.anaconda.org/conda-forge/osx-arm64/ncurses-6.4-h7ea286d_0.conda#318337fb9d0c53ba635efb7888242373
https://conda.anaconda.org/conda-forge/noarch/pybind11-abi-4-hd8ed1ab_3.tar.bz2#878f923dd6acc8aeb47a75da6c4098be
https://conda.anaconda.org/conda-forge/osx-arm64/python_abi-3.11-3_cp311.conda#e1586496f8acd1c9293019ab14dbde9d
https://conda.anaconda.org/conda-forge/osx-arm64/reproc-14.2.4-h1a8c8d9_0.conda#2926452d62f061150e61a244557ab6a9
https://conda.anaconda.org/conda-forge/noarch/tzdata-2023c-h71feb2d_0.conda#939e3e74d8be4dac89ce83b20de2492a
https://conda.anaconda.org/conda-forge/osx-arm64/xz-5.2.6-h57fd34a_0.tar.bz2#39c6b54e94014701dd157f4f576ed211
https://conda.anaconda.org/conda-forge/osx-arm64/fmt-10.1.1-h1995070_0.conda#70c1063aceafc92bc7e99bb6d11bf217
https://conda.anaconda.org/conda-forge/osx-arm64/gmp-6.2.1-h9f76cd9_0.tar.bz2#f8140773b6ca51bf32feec9b4290a8c5
https://conda.anaconda.org/conda-forge/osx-arm64/libedit-3.1.20191231-hc8eb9b7_2.tar.bz2#30e4362988a2623e9eb34337b83e01f9
https://conda.anaconda.org/conda-forge/osx-arm64/libgfortran5-13.2.0-hf226fd6_1.conda#4480d71b98c87faafab132d33e23135e
https://conda.anaconda.org/conda-forge/osx-arm64/libsolv-0.7.24-ha614eb4_4.conda#6b55efb0977600849209397dc0b5d536
https://conda.anaconda.org/conda-forge/osx-arm64/libsqlite-3.43.0-hb31c410_0.conda#060a9948665e56a38060a1ed3ebc553a
https://conda.anaconda.org/conda-forge/osx-arm64/libxml2-2.11.5-h25269f3_1.conda#627b5d1377536b5b632ba53cd1455555
https://conda.anaconda.org/conda-forge/osx-arm64/lz4-c-1.9.4-hb7217d7_0.conda#45505bec548634f7d05e02fb25262cb9
https://conda.anaconda.org/conda-forge/osx-arm64/openssl-3.1.2-h53f4e23_0.conda#d6c950611370a5a9757a98365449e89f
https://conda.anaconda.org/conda-forge/osx-arm64/readline-8.2-h92ec313_1.conda#8cbb776a2f641b943d413b3e19df71f4
https://conda.anaconda.org/conda-forge/osx-arm64/reproc-cpp-14.2.4-hb7217d7_0.conda#49f41035f14412b5b27d1e2382d00f02
https://conda.anaconda.org/conda-forge/osx-arm64/tk-8.6.12-he1e0b03_0.tar.bz2#2cb3d18eac154109107f093860bd545f
https://conda.anaconda.org/conda-forge/osx-arm64/yaml-cpp-0.7.0-hb7217d7_2.tar.bz2#1ba3d7af8b182ae33d49e4bb567076d3
https://conda.anaconda.org/conda-forge/osx-arm64/zstd-1.5.5-h4f39d0f_0.conda#5b212cfb7f9d71d603ad891879dc7933
https://conda.anaconda.org/conda-forge/osx-arm64/krb5-1.21.2-h92f50d5_0.conda#92f1cff174a538e0722bf2efb16fc0b2
https://conda.anaconda.org/conda-forge/osx-arm64/libarchive-3.6.2-h82b9b87_1.conda#0d82ec4537f2f581332087aac6e15ce1
https://conda.anaconda.org/conda-forge/osx-arm64/libgfortran-5.0.0-13_2_0_hd922786_1.conda#1ad37a5c60c250bb2b4a9f75563e181c
https://conda.anaconda.org/conda-forge/osx-arm64/libnghttp2-1.52.0-hae82a92_0.conda#1d319e95a0216f801293626a00337712
https://conda.anaconda.org/conda-forge/osx-arm64/libssh2-1.11.0-h7a5bd25_0.conda#029f7dc931a3b626b94823bc77830b01
https://conda.anaconda.org/conda-forge/osx-arm64/mpfr-4.2.0-he09a6ba_0.conda#6ec2fb83ce146e5bc944020027d6c9e4
https://conda.anaconda.org/conda-forge/osx-arm64/python-3.11.5-h47c9636_0_cpython.conda#fd82b5333e97ff5f27f54acd01cf9c05
https://conda.anaconda.org/conda-forge/noarch/attrs-23.1.0-pyh71513ae_1.conda#3edfead7cedd1ab4400a6c588f3e75f8
https://conda.anaconda.org/conda-forge/noarch/boltons-23.0.0-pyhd8ed1ab_0.conda#033eb25fffd222aceeca6d58cd953680
https://conda.anaconda.org/conda-forge/osx-arm64/brotli-python-1.1.0-py311ha891d26_0.conda#8ab1a5a35a742dee94bf2b0430c0dbcb
https://conda.anaconda.org/conda-forge/noarch/certifi-2023.7.22-pyhd8ed1ab_0.conda#7f3dbc9179b4dde7da98dfb151d0ad22
https://conda.anaconda.org/conda-forge/noarch/charset-normalizer-3.2.0-pyhd8ed1ab_0.conda#313516e9a4b08b12dfb1e1cd390a96e3
https://conda.anaconda.org/conda-forge/noarch/colorama-0.4.6-pyhd8ed1ab_0.tar.bz2#3faab06a954c2a04039983f2c4a50d99
https://conda.anaconda.org/conda-forge/noarch/crashtest-0.4.1-pyhd8ed1ab_0.tar.bz2#709a2295dd907bb34afb57d54320642f
https://conda.anaconda.org/conda-forge/noarch/distlib-0.3.7-pyhd8ed1ab_0.conda#12d8aae6994f342618443a8f05c652a0
https://conda.anaconda.org/conda-forge/noarch/filelock-3.12.3-pyhd8ed1ab_0.conda#3104cf0ab9fb9de393051bf92b10dbe9
https://conda.anaconda.org/conda-forge/noarch/idna-3.4-pyhd8ed1ab_0.tar.bz2#34272b248891bddccc64479f9a7fffed
https://conda.anaconda.org/conda-forge/noarch/jsonpointer-2.0-py_0.tar.bz2#07d85c22a3beb102a48cd123df84c2a6
https://conda.anaconda.org/conda-forge/osx-arm64/libcurl-8.2.1-hc52a3a8_0.conda#10cd3b7e1c73a47bb36d2cdce4504222
https://conda.anaconda.org/conda-forge/osx-arm64/libopenblas-0.3.24-openmp_hd76b1f2_0.conda#aacb05989f358affe1bafd4ea7294db4
https://conda.anaconda.org/conda-forge/osx-arm64/markupsafe-2.1.3-py311heffc1b2_0.conda#64767fbeb9e55231662b75405f9e01e4
https://conda.anaconda.org/conda-forge/noarch/more-itertools-10.1.0-pyhd8ed1ab_0.conda#8549fafed0351bbfaa1ddaa15fdf9b4e
https://conda.anaconda.org/conda-forge/osx-arm64/mpc-1.3.1-h91ba8db_0.conda#362af269d860ae49580f8f032a68b0df
https://conda.anaconda.org/conda-forge/noarch/mpmath-1.3.0-pyhd8ed1ab_0.conda#dbf6e2d89137da32fa6670f3bffc024e
https://conda.anaconda.org/conda-forge/osx-arm64/msgpack-python-1.0.5-py311hd6ee22a_0.conda#216b2bab4db761d91b3341fbc10631fb
https://conda.anaconda.org/conda-forge/noarch/networkx-3.1-pyhd8ed1ab_0.conda#254f787d5068bc89f578bf63893ce8b4
https://conda.anaconda.org/conda-forge/noarch/packaging-23.1-pyhd8ed1ab_0.conda#91cda59e66e1e4afe9476f8ef98f5c30
https://conda.anaconda.org/conda-forge/noarch/pkginfo-1.9.6-pyhd8ed1ab_0.conda#be1e9f1c65a1ed0f2ae9352fec99db64
https://conda.anaconda.org/conda-forge/noarch/pkgutil-resolve-name-1.3.10-pyhd8ed1ab_0.tar.bz2#89e3c7cdde7d3aaa2aee933b604dd07f
https://conda.anaconda.org/conda-forge/noarch/pluggy-1.3.0-pyhd8ed1ab_0.conda#2390bd10bed1f3fdc7a537fb5a447d8d
https://conda.anaconda.org/conda-forge/noarch/poetry-core-1.7.0-pyhd8ed1ab_0.conda#d624bb07aadaeb06a840cb60f924a43f
https://conda.anaconda.org/conda-forge/noarch/ptyprocess-0.7.0-pyhd3deb0d_0.tar.bz2#359eeb6536da0e687af562ed265ec263
https://conda.anaconda.org/conda-forge/osx-arm64/pycosat-0.6.4-py311he2be06e_1.tar.bz2#083d7a6b24eb7e5a7815a9a810cefa35
https://conda.anaconda.org/conda-forge/noarch/pycparser-2.21-pyhd8ed1ab_0.tar.bz2#076becd9e05608f8dc72757d5f3a91ff
https://conda.anaconda.org/conda-forge/osx-arm64/pyrsistent-0.19.3-py311he2be06e_0.conda#2fea901bc50cdd9760eee19376c31abc
https://conda.anaconda.org/conda-forge/noarch/pysocks-1.7.1-pyha2e5f31_6.tar.bz2#2a7de29fb590ca14b5243c4c812c8025
https://conda.anaconda.org/conda-forge/noarch/python-installer-0.7.0-pyhd8ed1ab_0.conda#65dea78f903d686c8b0c2feaf0e15e1f
https://conda.anaconda.org/conda-forge/osx-arm64/ruamel.yaml.clib-0.2.7-py311he2be06e_1.conda#693e8b069d8b9dac3900d78ae86d79e4
https://conda.anaconda.org/conda-forge/noarch/setuptools-68.1.2-pyhd8ed1ab_0.conda#4fe12573bf499ff85a0a364e00cc5c53
https://conda.anaconda.org/conda-forge/noarch/shellingham-1.5.3-pyhd8ed1ab_0.conda#83795060a5d8cd12b90a58bd62bc251e
https://conda.anaconda.org/conda-forge/noarch/tomli-2.0.1-pyhd8ed1ab_0.tar.bz2#5844808ffab9ebdb694585b50ba02a96
https://conda.anaconda.org/conda-forge/noarch/tomlkit-0.12.1-pyha770c72_0.conda#62f5b331c53d73e2f6c4c130b53518a0
https://conda.anaconda.org/conda-forge/noarch/toolz-0.12.0-pyhd8ed1ab_0.tar.bz2#92facfec94bc02d6ccf42e7173831a36
https://conda.anaconda.org/conda-forge/noarch/trove-classifiers-2023.8.7-pyhd8ed1ab_0.conda#347293fe36843c704818dcec8364409a
https://conda.anaconda.org/conda-forge/noarch/typing_extensions-4.7.1-pyha770c72_0.conda#c39d6a09fe819de4951c2642629d9115
https://conda.anaconda.org/conda-forge/noarch/wheel-0.41.2-pyhd8ed1ab_0.conda#1ccd092478b3e0ee10d7a891adbf8a4f
https://conda.anaconda.org/conda-forge/noarch/zipp-3.16.2-pyhd8ed1ab_0.conda#2da0451b54c4563c32490cb1b7cf68a1
https://conda.anaconda.org/conda-forge/osx-arm64/cffi-1.15.1-py311hae827db_3.conda#bb7a416f8871a6cf6ddec76450d6cf7b
https://conda.anaconda.org/conda-forge/osx-arm64/gmpy2-2.1.2-py311h2ba9262_1.tar.bz2#b8f9e2ef835066ec723b6297d260cbe6
https://conda.anaconda.org/conda-forge/noarch/importlib-metadata-6.8.0-pyha770c72_0.conda#4e9f59a060c3be52bc4ddc46ee9b6946
https://conda.anaconda.org/conda-forge/noarch/importlib_resources-6.0.1-pyhd8ed1ab_0.conda#d978c61aa5fc2c69380d53ad56b5ae86
https://conda.anaconda.org/conda-forge/noarch/jaraco.classes-3.3.0-pyhd8ed1ab_0.conda#e9f79248d30e942f7c358ff21a1790f5
https://conda.anaconda.org/conda-forge/noarch/jinja2-3.1.2-pyhd8ed1ab_1.tar.bz2#c8490ed5c70966d232fdd389d0dbed37
https://conda.anaconda.org/conda-forge/noarch/jsonpatch-1.32-pyhd8ed1ab_0.tar.bz2#09150b51b0528a31a0f6500b96fdde82
https://conda.anaconda.org/conda-forge/osx-arm64/libblas-3.9.0-18_osxarm64_openblas.conda#928d0c0b57e342a8629f5f5e001ee0d0
https://conda.anaconda.org/conda-forge/osx-arm64/libmamba-1.5.1-h6089622_0.conda#38cfc6a3818795045ca79f50d2152b14
https://conda.anaconda.org/conda-forge/noarch/pexpect-4.8.0-pyh1a96a4e_2.tar.bz2#330448ce4403cc74990ac07c555942a1
https://conda.anaconda.org/conda-forge/noarch/pip-23.2.1-pyhd8ed1ab_0.conda#e2783aa3f9235225eec92f9081c5b801
https://conda.anaconda.org/conda-forge/noarch/poetry-plugin-export-1.5.0-pyhd8ed1ab_0.conda#d0759631c34e7a03c3dfcbd6dc0704d6
https://conda.anaconda.org/conda-forge/noarch/pyproject_hooks-1.0.0-pyhd8ed1ab_0.conda#21de50391d584eb7f4441b9de1ad773f
https://conda.anaconda.org/conda-forge/osx-arm64/ruamel.yaml-0.17.32-py311heffc1b2_0.conda#905e130803eaa5de60e0bcfdcc623a83
https://conda.anaconda.org/conda-forge/noarch/tqdm-4.66.1-pyhd8ed1ab_0.conda#03c97908b976498dcae97eb4e4f3149c
https://conda.anaconda.org/conda-forge/noarch/typing-extensions-4.7.1-hd8ed1ab_0.conda#f96688577f1faa58096d06a45136afa2
https://conda.anaconda.org/conda-forge/noarch/urllib3-2.0.4-pyhd8ed1ab_0.conda#18badd8fa3648d1beb1fcc7f2e0f756e
https://conda.anaconda.org/conda-forge/osx-arm64/cryptography-41.0.3-py311h5fb2c35_0.conda#9d124122e469c9afa5cda69e4d23262d
https://conda.anaconda.org/conda-forge/noarch/importlib_metadata-6.8.0-hd8ed1ab_0.conda#b279b07ce18058034e5b3606ba103a8b
https://conda.anaconda.org/conda-forge/noarch/jsonschema-4.17.3-pyhd8ed1ab_0.conda#723268a468177cd44568eb8f794e0d80
https://conda.anaconda.org/conda-forge/osx-arm64/libcblas-3.9.0-18_osxarm64_openblas.conda#ee0108105d7181f1c6f8c4269883ff3b
https://conda.anaconda.org/conda-forge/osx-arm64/liblapack-3.9.0-18_osxarm64_openblas.conda#92cd5c16ed732ac6c439145aa21ec7c5
https://conda.anaconda.org/conda-forge/osx-arm64/libmambapy-1.5.1-py311h7cacacc_0.conda#b66d6133e544b95a173abb24e124de19
https://conda.anaconda.org/conda-forge/noarch/platformdirs-3.10.0-pyhd8ed1ab_0.conda#0809187ef9b89a3d94a5c24d13936236
https://conda.anaconda.org/conda-forge/noarch/python-build-0.10.0-pyhd8ed1ab_1.conda#0ab47ce574f6a8bcb9f2076436e7fedb
https://conda.anaconda.org/conda-forge/noarch/requests-2.31.0-pyhd8ed1ab_0.conda#a30144e4156cdbb236f99ebb49828f8b
https://conda.anaconda.org/conda-forge/noarch/sympy-1.12-pypyh9d50eac_103.conda#2f7d6347d7acf6edf1ac7f2189f44c8f
https://conda.anaconda.org/conda-forge/osx-arm64/xattr-0.10.1-py311he2be06e_0.conda#f81ba96c397a4405aab688c21b8051a5
https://conda.anaconda.org/conda-forge/osx-arm64/zstandard-0.19.0-py311he2be06e_0.tar.bz2#ece21cb47a93c985aa4b44219c4c8c8b
https://conda.anaconda.org/conda-forge/noarch/cachecontrol-0.13.1-pyhd8ed1ab_0.conda#174bd699bb5aa9e2622eb4b288276ff8
https://conda.anaconda.org/conda-forge/noarch/conda-package-streaming-0.9.0-pyhd8ed1ab_0.conda#38253361efb303deead3eab39ae9269b
https://conda.anaconda.org/conda-forge/osx-arm64/keyring-24.2.0-py311h267d04e_0.conda#750d8502144296ed68c9f7589735c25d
https://conda.anaconda.org/conda-forge/osx-arm64/numpy-1.25.2-py311hb8f3215_0.conda#ef2d971fb4efed85728e541cf5dcc33b
https://conda.anaconda.org/conda-forge/noarch/pyopenssl-23.2.0-pyhd8ed1ab_1.conda#34f7d568bf59d18e3fef8c405cbece21
https://conda.anaconda.org/pytorch/osx-arm64/pytorch-2.0.1-py3.11_0.tar.bz2#3f7392f010f5abd64a18f1f607ea5015
https://conda.anaconda.org/conda-forge/noarch/requests-toolbelt-1.0.0-pyhd8ed1ab_0.conda#99c98318c8646b08cc764f90ce98906e
https://conda.anaconda.org/conda-forge/noarch/virtualenv-20.24.4-pyhd8ed1ab_0.conda#c3feaf947264a59a125e8c26e98c3c5a
https://conda.anaconda.org/conda-forge/noarch/cachecontrol-with-filecache-0.13.1-pyhd8ed1ab_0.conda#8c4781ca0893cff3a64423954ce234a1
https://conda.anaconda.org/conda-forge/noarch/conda-package-handling-2.2.0-pyh38be061_0.conda#8a3ae7f6318376aa08ea753367bb7dd6
https://conda.anaconda.org/conda-forge/osx-arm64/dulwich-0.21.6-py311heffc1b2_0.conda#b513ad30524964675d27df05ab30eec7
https://conda.anaconda.org/conda-forge/osx-arm64/rapidfuzz-2.15.1-py311ha397e9f_0.conda#ead77bde8553c8387e95cac89e215f93
https://conda.anaconda.org/conda-forge/noarch/cleo-2.0.1-pyhd8ed1ab_0.conda#f1c5f2af6676cbe9206e191d1e70f661
https://conda.anaconda.org/conda-forge/osx-arm64/conda-23.7.3-py311h267d04e_0.conda#cadd707aaca7df03463604c3bb7616a2
https://conda.anaconda.org/conda-forge/osx-arm64/mamba-1.5.1-py311hb045da1_0.conda#22e9b21485858952c40cab88ed7965f2
https://conda.anaconda.org/conda-forge/noarch/poetry-1.6.1-osx_pyh534df25_0.conda#b90f6dda7d0ab2e579679f8f5225f042
