# This file is automatically @generated by Poetry 1.4.0 and should not be changed by hand.

[[package]]
name = "hyperdemocracy"
version = "0.1.0"
description = "core python client package for distribution and re-use"
category = "main"
optional = false
python-versions = "^3.11"
files = []
develop = true

[package.source]
type = "directory"
url = "../hyperdemocracy"

[metadata]
lock-version = "2.0"
python-versions = "^3.11"
content-hash = "fdc3aada40024dba4413df4486f7de86c01e0140729799148ce1a276197734a9"
